
Microsoft Visual Studio Solution File, Format Version 12.00
# Visual Studio Version 17
VisualStudioVersion = 17.9.34701.34
MinimumVisualStudioVersion = 10.0.40219.1
Project("{9A19103F-16F7-4668-BE54-9A1E7A4F7556}") = "ApiWarehouse", "ApiWarehouse.csproj", "{158356BF-EFF9-4FA8-9428-29A29FD26EEE}"
EndProject
Global
	GlobalSection(SolutionConfigurationPlatforms) = preSolution
		Debug|Any CPU = Debug|Any CPU
		Release|Any CPU = Release|Any CPU
	EndGlobalSection
	GlobalSection(ProjectConfigurationPlatforms) = postSolution
		{158356BF-EFF9-4FA8-9428-29A29FD26EEE}.Debug|Any CPU.ActiveCfg = Debug|Any CPU
		{158356BF-EFF9-4FA8-9428-29A29FD26EEE}.Debug|Any CPU.Build.0 = Debug|Any CPU
		{158356BF-EFF9-4FA8-9428-29A29FD26EEE}.Release|Any CPU.ActiveCfg = Release|Any CPU
		{158356BF-EFF9-4FA8-9428-29A29FD26EEE}.Release|Any CPU.Build.0 = Release|Any CPU
	EndGlobalSection
	GlobalSection(SolutionProperties) = preSolution
		HideSolutionNode = FALSE
	EndGlobalSection
	GlobalSection(ExtensibilityGlobals) = postSolution
		SolutionGuid = {4717824C-73F6-4FA3-966F-90D5B951B584}
	EndGlobalSection
EndGlobal
